
Microsoft Visual Studio Solution File, Format Version 12.00
# Visual Studio 15
VisualStudioVersion = 15.0.28307.271
MinimumVisualStudioVersion = 10.0.40219.1
Project("{FAE04EC0-301F-11D3-BF4B-00C04F79EFBC}") = "PiApp", "PiApp\PiApp.csproj", "{B0C3CE6F-DA43-4B49-82ED-FB49C6A68DED}"
EndProject
Global
	GlobalSection(SolutionConfigurationPlatforms) = preSolution
		Debug|Any CPU = Debug|Any CPU
		Release|Any CPU = Release|Any CPU
	EndGlobalSection
	GlobalSection(ProjectConfigurationPlatforms) = postSolution
		{B0C3CE6F-DA43-4B49-82ED-FB49C6A68DED}.Debug|Any CPU.ActiveCfg = Debug|Any CPU
		{B0C3CE6F-DA43-4B49-82ED-FB49C6A68DED}.Debug|Any CPU.Build.0 = Debug|Any CPU
		{B0C3CE6F-DA43-4B49-82ED-FB49C6A68DED}.Release|Any CPU.ActiveCfg = Release|Any CPU
		{B0C3CE6F-DA43-4B49-82ED-FB49C6A68DED}.Release|Any CPU.Build.0 = Release|Any CPU
	EndGlobalSection
	GlobalSection(SolutionProperties) = preSolution
		HideSolutionNode = FALSE
	EndGlobalSection
	GlobalSection(ExtensibilityGlobals) = postSolution
		SolutionGuid = {BC04C6A0-3638-4568-B652-961531638D0D}
	EndGlobalSection
EndGlobal
